PODS:
  - Flutter (1.0.0)
  - ola_maps (0.3.0):
    - Flutter
    - OlaMapCore
  - OlaMapCore (1.0.8)

DEPENDENCIES:
  - Flutter (from `Flutter`)
  - ola_maps (from `.symlinks/plugins/ola_maps/ios`)
  - OlaMapCore (from `https://github.com/ola-maps/ios-map-sdk.git`, tag `1.0.8`)

EXTERNAL SOURCES:
  Flutter:
    :path: Flutter
  ola_maps:
    :path: ".symlinks/plugins/ola_maps/ios"
  OlaMapCore:
    :git: https://github.com/ola-maps/ios-map-sdk.git
    :tag: 1.0.8

CHECKOUT OPTIONS:
  OlaMapCore:
    :git: https://github.com/ola-maps/ios-map-sdk.git
    :tag: 1.0.8

SPEC CHECKSUMS:
  Flutter: 71a624a5bc0c04062bf19101d501e466baf2fb47
  ola_maps: 2073bbe94474edd3c895971545d69e092fb3582d
  OlaMapCore: 4c90ba1cc8fef418eeb4a78ab1c0256fed210116

PODFILE CHECKSUM: 4c0d6f3aed38ffeec820eb8bb0bccbf708b960c3

COCOAPODS: 1.16.2
